{
  "name": "githubpage-vault",
  "version": "1.0.0",
  "lockfileVersion": 3,
  "requires": true,
  "packages": {
    "": {
      "name": "githubpage-vault",
      "version": "1.0.0",
      "devDependencies": {
        "@obsidian-githubpage/cli": "1.0.1"
      }
    },
    "node_modules/@obsidian-githubpage/cli": {
      "version": "1.0.1",
      "resolved": "https://registry.npmjs.org/@obsidian-githubpage/cli/-/cli-1.0.1.tgz",
      "integrity": "sha512-5wdR6lxhPxpVYgrxdJ5WDMJJTpIoZl6rQDXocGXDdt08jDke5Gr32vTgV9Bc49yPkQK8Z9YYUESiydtFpx+f7w==",
      "dev": true,
      "license": "MIT",
      "bin": {
        "obsidian-githubpage": "dist/index.cjs"
      },
      "engines": {
        "node": ">=20.11"
      }
    }
  }
}
